
Microsoft Visual Studio Solution File, Format Version 12.00
# Visual Studio Version 16
VisualStudioVersion = 16.0.31410.357
MinimumVisualStudioVersion = 10.0.40219.1
Project("{FAE04EC0-301F-11D3-BF4B-00C04F79EFBC}") = "KafkaConsumerClient", "KafkaConsumerClient\KafkaConsumerClient.csproj", "{DCF4C574-B333-4CD7-A9BC-5ED15147BA26}"
EndProject
Global
	GlobalSection(SolutionConfigurationPlatforms) = preSolution
		Debug|Any CPU = Debug|Any CPU
		Release|Any CPU = Release|Any CPU
	EndGlobalSection
	GlobalSection(ProjectConfigurationPlatforms) = postSolution
		{DCF4C574-B333-4CD7-A9BC-5ED15147BA26}.Debug|Any CPU.ActiveCfg = Debug|Any CPU
		{DCF4C574-B333-4CD7-A9BC-5ED15147BA26}.Debug|Any CPU.Build.0 = Debug|Any CPU
		{DCF4C574-B333-4CD7-A9BC-5ED15147BA26}.Release|Any CPU.ActiveCfg = Release|Any CPU
		{DCF4C574-B333-4CD7-A9BC-5ED15147BA26}.Release|Any CPU.Build.0 = Release|Any CPU
	EndGlobalSection
	GlobalSection(SolutionProperties) = preSolution
		HideSolutionNode = FALSE
	EndGlobalSection
	GlobalSection(ExtensibilityGlobals) = postSolution
		SolutionGuid = {913A5AEC-9957-4EE0-8679-FA1127A5CE71}
	EndGlobalSection
EndGlobal
